
Microsoft Visual Studio Solution File, Format Version 12.00
# Visual Studio Version 17
VisualStudioVersion = 17.12.35707.178
MinimumVisualStudioVersion = 10.0.40219.1
Project("{FAE04EC0-301F-11D3-BF4B-00C04F79EFBC}") = "Smotrilka-Web", "Smotrilka-Web\Smotrilka-Web.csproj", "{4BAE3C43-D805-4E2B-AC44-F33938112978}"
EndProject
Project("{2150E333-8FDC-42A3-9474-1A3956D46DE8}") = "Элементы решения", "Элементы решения", "{E7A17207-93A0-4407-AD96-8CC40DA42A9B}"
	ProjectSection(SolutionItems) = preProject
		.github\workflows\deploy.yml = .github\workflows\deploy.yml
	EndProjectSection
EndProject
Global
	GlobalSection(SolutionConfigurationPlatforms) = preSolution
		Debug|Any CPU = Debug|Any CPU
		Release|Any CPU = Release|Any CPU
	EndGlobalSection
	GlobalSection(ProjectConfigurationPlatforms) = postSolution
		{4BAE3C43-D805-4E2B-AC44-F33938112978}.Debug|Any CPU.ActiveCfg = Debug|Any CPU
		{4BAE3C43-D805-4E2B-AC44-F33938112978}.Debug|Any CPU.Build.0 = Debug|Any CPU
		{4BAE3C43-D805-4E2B-AC44-F33938112978}.Release|Any CPU.ActiveCfg = Release|Any CPU
		{4BAE3C43-D805-4E2B-AC44-F33938112978}.Release|Any CPU.Build.0 = Release|Any CPU
	EndGlobalSection
	GlobalSection(SolutionProperties) = preSolution
		HideSolutionNode = FALSE
	EndGlobalSection
EndGlobal
